
Microsoft Visual Studio Solution File, Format Version 12.00
# Visual Studio Version 17
VisualStudioVersion = 17.14.37012.4 d17.14
MinimumVisualStudioVersion = 10.0.40219.1
Project("{FAE04EC0-301F-11D3-BF4B-00C04F79EFBC}") = "GM-009", "GM-009\GM-009.csproj", "{002AA61E-17A4-4624-A142-209925128402}"
EndProject
Global
	GlobalSection(SolutionConfigurationPlatforms) = preSolution
		Debug|Any CPU = Debug|Any CPU
		Release|Any CPU = Release|Any CPU
	EndGlobalSection
	GlobalSection(ProjectConfigurationPlatforms) = postSolution
		{002AA61E-17A4-4624-A142-209925128402}.Debug|Any CPU.ActiveCfg = Debug|Any CPU
		{002AA61E-17A4-4624-A142-209925128402}.Debug|Any CPU.Build.0 = Debug|Any CPU
		{002AA61E-17A4-4624-A142-209925128402}.Release|Any CPU.ActiveCfg = Release|Any CPU
		{002AA61E-17A4-4624-A142-209925128402}.Release|Any CPU.Build.0 = Release|Any CPU
	EndGlobalSection
	GlobalSection(SolutionProperties) = preSolution
		HideSolutionNode = FALSE
	EndGlobalSection
	GlobalSection(ExtensibilityGlobals) = postSolution
		SolutionGuid = {7AC09DB2-38B6-403A-BD87-14BC8D10A286}
	EndGlobalSection
EndGlobal
